// !$*UTF8*$!
{
	archiveVersion = 1;
	classes = {
	};
	objectVersion = 50;
	objects = {

/* Begin PBXBuildFile section */
		84FB3B4622380B8C0096900C /* AppDelegate.swift in Sources */ = {isa = PBXBuildFile; fileRef = 84FB3B4522380B8C0096900C /* AppDelegate.swift */; };
		84FB3B4822380B8C0096900C /* ViewController.swift in Sources */ = {isa = PBXBuildFile; fileRef = 84FB3B4722380B8C0096900C /* ViewController.swift */; };
		84FB3B4A22380B8D0096900C /* Assets.xcassets in Resources */ = {isa = PBXBuildFile; fileRef = 84FB3B4922380B8D0096900C /* Assets.xcassets */; };
		84FB3B4D22380B8D0096900C /* Main.storyboard in Resources */ = {isa = PBXBuildFile; fileRef = 84FB3B4B22380B8D0096900C /* Main.storyboard */; };
		84FB3B56223907930096900C /* PrefsViewController.swift in Sources */ = {isa = PBXBuildFile; fileRef = 84FB3B55223907930096900C /* PrefsViewController.swift */; };
		84FB3B5F22391AF60096900C /* Preferences.swift in Sources */ = {isa = PBXBuildFile; fileRef = 84FB3B5E22391AF60096900C /* Preferences.swift */; };
/* End PBXBuildFile section */

/* Begin PBXFileReference section */
		8434AB5B226F1CA000FEC87A /* README.md */ = {isa = PBXFileReference; lastKnownFileType = net.daringfireball.markdown; path = README.md; sourceTree = "<group>"; };
		84FB3B4222380B8C0096900C /* OrthancServerAdmin.app */ = {isa = PBXFileReference; explicitFileType = wrapper.application; includeInIndex = 0; path = OrthancServerAdmin.app; sourceTree = BUILT_PRODUCTS_DIR; };
		84FB3B4522380B8C0096900C /* AppDelegate.swift */ = {isa = PBXFileReference; lastKnownFileType = sourcecode.swift; path = AppDelegate.swift; sourceTree = "<group>"; };
		84FB3B4722380B8C0096900C /* ViewController.swift */ = {isa = PBXFileReference; lastKnownFileType = sourcecode.swift; path = ViewController.swift; sourceTree = "<group>"; };
		84FB3B4922380B8D0096900C /* Assets.xcassets */ = {isa = PBXFileReference; lastKnownFileType = folder.assetcatalog; path = Assets.xcassets; sourceTree = "<group>"; };
		84FB3B4C22380B8D0096900C /* Base */ = {isa = PBXFileReference; lastKnownFileType = file.storyboard; name = Base; path = Base.lproj/Main.storyboard; sourceTree = "<group>"; };
		84FB3B4E22380B8D0096900C /* Info.plist */ = {isa = PBXFileReference; lastKnownFileType = text.plist.xml; path = Info.plist; sourceTree = "<group>"; };
		84FB3B4F22380B8D0096900C /* OrthanServerAdmin.entitlements */ = {isa = PBXFileReference; lastKnownFileType = text.plist.entitlements; path = OrthanServerAdmin.entitlements; sourceTree = "<group>"; };
		84FB3B55223907930096900C /* PrefsViewController.swift */ = {isa = PBXFileReference; lastKnownFileType = sourcecode.swift; path = PrefsViewController.swift; sourceTree = "<group>"; };
		84FB3B5E22391AF60096900C /* Preferences.swift */ = {isa = PBXFileReference; lastKnownFileType = sourcecode.swift; path = Preferences.swift; sourceTree = "<group>"; };
/* End PBXFileReference section */

/* Begin PBXFrameworksBuildPhase section */
		84FB3B3F22380B8C0096900C /* Frameworks */ = {
			isa = PBXFrameworksBuildPhase;
			buildActionMask = 2147483647;
			files = (
			);
			runOnlyForDeploymentPostprocessing = 0;
		};
/* End PBXFrameworksBuildPhase section */

/* Begin PBXGroup section */
		84FB3B3922380B8C0096900C = {
			isa = PBXGroup;
			children = (
				8434AB5B226F1CA000FEC87A /* README.md */,
				84FB3B4422380B8C0096900C /* OrthanServerAdmin */,
				84FB3B4322380B8C0096900C /* Products */,
			);
			sourceTree = "<group>";
		};
		84FB3B4322380B8C0096900C /* Products */ = {
			isa = PBXGroup;
			children = (
				84FB3B4222380B8C0096900C /* OrthancServerAdmin.app */,
			);
			name = Products;
			sourceTree = "<group>";
		};
		84FB3B4422380B8C0096900C /* OrthanServerAdmin */ = {
			isa = PBXGroup;
			children = (
				84FB3B4522380B8C0096900C /* AppDelegate.swift */,
				84FB3B57223912990096900C /* View Controllers */,
				84FB3B59223913410096900C /* Model */,
				84FB3B4922380B8D0096900C /* Assets.xcassets */,
				84FB3B4B22380B8D0096900C /* Main.storyboard */,
				84FB3B4E22380B8D0096900C /* Info.plist */,
				84FB3B4F22380B8D0096900C /* OrthanServerAdmin.entitlements */,
			);
			path = OrthanServerAdmin;
			sourceTree = "<group>";
		};
		84FB3B57223912990096900C /* View Controllers */ = {
			isa = PBXGroup;
			children = (
				84FB3B4722380B8C0096900C /* ViewController.swift */,
				84FB3B55223907930096900C /* PrefsViewController.swift */,
			);
			path = "View Controllers";
			sourceTree = "<group>";
		};
		84FB3B59223913410096900C /* Model */ = {
			isa = PBXGroup;
			children = (
				84FB3B5E22391AF60096900C /* Preferences.swift */,
			);
			path = Model;
			sourceTree = "<group>";
		};
/* End PBXGroup section */

/* Begin PBXNativeTarget section */
		84FB3B4122380B8C0096900C /* OrthancServerAdmin */ = {
			isa = PBXNativeTarget;
			buildConfigurationList = 84FB3B5222380B8D0096900C /* Build configuration list for PBXNativeTarget "OrthancServerAdmin" */;
			buildPhases = (
				84FB3B3E22380B8C0096900C /* Sources */,
				84FB3B3F22380B8C0096900C /* Frameworks */,
				84FB3B4022380B8C0096900C /* Resources */,
			);
			buildRules = (
			);
			dependencies = (
			);
			name = OrthancServerAdmin;
			productName = OrthanServerAdmin;
			productReference = 84FB3B4222380B8C0096900C /* OrthancServerAdmin.app */;
			productType = "com.apple.product-type.application";
		};
/* End PBXNativeTarget section */

/* Begin PBXProject section */
		84FB3B3A22380B8C0096900C /* Project object */ = {
			isa = PBXProject;
			attributes = {
				LastSwiftUpdateCheck = 1010;
				LastUpgradeCheck = 1010;
				ORGANIZATIONNAME = Innovaorto;
				TargetAttributes = {
					84FB3B4122380B8C0096900C = {
						CreatedOnToolsVersion = 10.1;
						SystemCapabilities = {
							com.apple.ApplicationGroups.Mac = {
								enabled = 0;
							};
							com.apple.Sandbox = {
								enabled = 0;
							};
						};
					};
				};
			};
			buildConfigurationList = 84FB3B3D22380B8C0096900C /* Build configuration list for PBXProject "OrthancServerAdmin" */;
			compatibilityVersion = "Xcode 9.3";
			developmentRegion = en;
			hasScannedForEncodings = 0;
			knownRegions = (
				en,
				Base,
			);
			mainGroup = 84FB3B3922380B8C0096900C;
			productRefGroup = 84FB3B4322380B8C0096900C /* Products */;
			projectDirPath = "";
			projectRoot = "";
			targets = (
				84FB3B4122380B8C0096900C /* OrthancServerAdmin */,
			);
		};
/* End PBXProject section */

/* Begin PBXResourcesBuildPhase section */
		84FB3B4022380B8C0096900C /* Resources */ = {
			isa = PBXResourcesBuildPhase;
			buildActionMask = 2147483647;
			files = (
				84FB3B4A22380B8D0096900C /* Assets.xcassets in Resources */,
				84FB3B4D22380B8D0096900C /* Main.storyboard in Resources */,
			);
			runOnlyForDeploymentPostprocessing = 0;
		};
/* End PBXResourcesBuildPhase section */

/* Begin PBXSourcesBuildPhase section */
		84FB3B3E22380B8C0096900C /* Sources */ = {
			isa = PBXSourcesBuildPhase;
			buildActionMask = 2147483647;
			files = (
				84FB3B4822380B8C0096900C /* ViewController.swift in Sources */,
				84FB3B56223907930096900C /* PrefsViewController.swift in Sources */,
				84FB3B5F22391AF60096900C /* Preferences.swift in Sources */,
				84FB3B4622380B8C0096900C /* AppDelegate.swift in Sources */,
			);
			runOnlyForDeploymentPostprocessing = 0;
		};
/* End PBXSourcesBuildPhase section */

/* Begin PBXVariantGroup section */
		84FB3B4B22380B8D0096900C /* Main.storyboard */ = {
			isa = PBXVariantGroup;
			children = (
				84FB3B4C22380B8D0096900C /* Base */,
			);
			name = Main.storyboard;
			sourceTree = "<group>";
		};
/* End PBXVariantGroup section */

/* Begin XCBuildConfiguration section */
		84FB3B5022380B8D0096900C /* Debug */ = {
			isa = XCBuildConfiguration;
			buildSettings = {
				ALWAYS_SEARCH_USER_PATHS = NO;
				CLANG_ANALYZER_NONNULL = YES;
				CLANG_ANALYZER_NUMBER_OBJECT_CONVERSION = YES_AGGRESSIVE;
				CLANG_CXX_LANGUAGE_STANDARD = "gnu++14";
				CLANG_CXX_LIBRARY = "libc++";
				CLANG_ENABLE_MODULES = YES;
				CLANG_ENABLE_OBJC_ARC = YES;
				CLANG_ENABLE_OBJC_WEAK = YES;
				CLANG_WARN_BLOCK_CAPTURE_AUTORELEASING = YES;
				CLANG_WARN_BOOL_CONVERSION = YES;
				CLANG_WARN_COMMA = YES;
				CLANG_WARN_CONSTANT_CONVERSION = YES;
				CLANG_WARN_DEPRECATED_OBJC_IMPLEMENTATIONS = YES;
				CLANG_WARN_DIRECT_OBJC_ISA_USAGE = YES_ERROR;
				CLANG_WARN_DOCUMENTATION_COMMENTS = YES;
				CLANG_WARN_EMPTY_BODY = YES;
				CLANG_WARN_ENUM_CONVERSION = YES;
				CLANG_WARN_INFINITE_RECURSION = YES;
				CLANG_WARN_INT_CONVERSION = YES;
				CLANG_WARN_NON_LITERAL_NULL_CONVERSION = YES;
				CLANG_WARN_OBJC_IMPLICIT_RETAIN_SELF = YES;
				CLANG_WARN_OBJC_LITERAL_CONVERSION = YES;
				CLANG_WARN_OBJC_ROOT_CLASS = YES_ERROR;
				CLANG_WARN_RANGE_LOOP_ANALYSIS = YES;
				CLANG_WARN_STRICT_PROTOTYPES = YES;
				CLANG_WARN_SUSPICIOUS_MOVE = YES;
				CLANG_WARN_UNGUARDED_AVAILABILITY = YES_AGGRESSIVE;
				CLANG_WARN_UNREACHABLE_CODE = YES;
				CLANG_WARN__DUPLICATE_METHOD_MATCH = YES;
				CODE_SIGN_IDENTITY = "Mac Developer";
				COPY_PHASE_STRIP = NO;
				DEBUG_INFORMATION_FORMAT = dwarf;
				ENABLE_STRICT_OBJC_MSGSEND = YES;
				ENABLE_TESTABILITY = YES;
				GCC_C_LANGUAGE_STANDARD = gnu11;
				GCC_DYNAMIC_NO_PIC = NO;
				GCC_NO_COMMON_BLOCKS = YES;
				GCC_OPTIMIZATION_LEVEL = 0;
				GCC_PREPROCESSOR_DEFINITIONS = (
					"DEBUG=1",
					"$(inherited)",
				);
				GCC_WARN_64_TO_32_BIT_CONVERSION = YES;
				GCC_WARN_ABOUT_RETURN_TYPE = YES_ERROR;
				GCC_WARN_UNDECLARED_SELECTOR = YES;
				GCC_WARN_UNINITIALIZED_AUTOS = YES_AGGRESSIVE;
				GCC_WARN_UNUSED_FUNCTION = YES;
				GCC_WARN_UNUSED_VARIABLE = YES;
				MACOSX_DEPLOYMENT_TARGET = 10.12;
				MTL_ENABLE_DEBUG_INFO = INCLUDE_SOURCE;
				MTL_FAST_MATH = YES;
				ONLY_ACTIVE_ARCH = YES;
				SDKROOT = macosx;
				SWIFT_ACTIVE_COMPILATION_CONDITIONS = DEBUG;
				SWIFT_OPTIMIZATION_LEVEL = "-Onone";
			};
			name = Debug;
		};
		84FB3B5122380B8D0096900C /* Release */ = {
			isa = XCBuildConfiguration;
			buildSettings = {
				ALWAYS_SEARCH_USER_PATHS = NO;
				CLANG_ANALYZER_NONNULL = YES;
				CLANG_ANALYZER_NUMBER_OBJECT_CONVERSION = YES_AGGRESSIVE;
				CLANG_CXX_LANGUAGE_STANDARD = "gnu++14";
				CLANG_CXX_LIBRARY = "libc++";
				CLANG_ENABLE_MODULES = YES;
				CLANG_ENABLE_OBJC_ARC = YES;
				CLANG_ENABLE_OBJC_WEAK = YES;
				CLANG_WARN_BLOCK_CAPTURE_AUTORELEASING = YES;
				CLANG_WARN_BOOL_CONVERSION = YES;
				CLANG_WARN_COMMA = YES;
				CLANG_WARN_CONSTANT_CONVERSION = YES;
				CLANG_WARN_DEPRECATED_OBJC_IMPLEMENTATIONS = YES;
				CLANG_WARN_DIRECT_OBJC_ISA_USAGE = YES_ERROR;
				CLANG_WARN_DOCUMENTATION_COMMENTS = YES;
				CLANG_WARN_EMPTY_BODY = YES;
				CLANG_WARN_ENUM_CONVERSION = YES;
				CLANG_WARN_INFINITE_RECURSION = YES;
				CLANG_WARN_INT_CONVERSION = YES;
				CLANG_WARN_NON_LITERAL_NULL_CONVERSION = YES;
				CLANG_WARN_OBJC_IMPLICIT_RETAIN_SELF = YES;
				CLANG_WARN_OBJC_LITERAL_CONVERSION = YES;
				CLANG_WARN_OBJC_ROOT_CLASS = YES_ERROR;
				CLANG_WARN_RANGE_LOOP_ANALYSIS = YES;
				CLANG_WARN_STRICT_PROTOTYPES = YES;
				CLANG_WARN_SUSPICIOUS_MOVE = YES;
				CLANG_WARN_UNGUARDED_AVAILABILITY = YES_AGGRESSIVE;
				CLANG_WARN_UNREACHABLE_CODE = YES;
				CLANG_WARN__DUPLICATE_METHOD_MATCH = YES;
				CODE_SIGN_IDENTITY = "Mac Developer";
				COPY_PHASE_STRIP = NO;
				DEBUG_INFORMATION_FORMAT = "dwarf-with-dsym";
				ENABLE_NS_ASSERTIONS = NO;
				ENABLE_STRICT_OBJC_MSGSEND = YES;
				GCC_C_LANGUAGE_STANDARD = gnu11;
				GCC_NO_COMMON_BLOCKS = YES;
				GCC_WARN_64_TO_32_BIT_CONVERSION = YES;
				GCC_WARN_ABOUT_RETURN_TYPE = YES_ERROR;
				GCC_WARN_UNDECLARED_SELECTOR = YES;
				GCC_WARN_UNINITIALIZED_AUTOS = YES_AGGRESSIVE;
				GCC_WARN_UNUSED_FUNCTION = YES;
				GCC_WARN_UNUSED_VARIABLE = YES;
				MACOSX_DEPLOYMENT_TARGET = 10.12;
				MTL_ENABLE_DEBUG_INFO = NO;
				MTL_FAST_MATH = YES;
				SDKROOT = macosx;
				SWIFT_COMPILATION_MODE = wholemodule;
				SWIFT_OPTIMIZATION_LEVEL = "-O";
			};
			name = Release;
		};
		84FB3B5322380B8D0096900C /* Debug */ = {
			isa = XCBuildConfiguration;
			buildSettings = {
				ASSETCATALOG_COMPILER_APPICON_NAME = AppIcon;
				CODE_SIGN_ENTITLEMENTS = OrthanServerAdmin/OrthanServerAdmin.entitlements;
				CODE_SIGN_STYLE = Automatic;
				COMBINE_HIDPI_IMAGES = YES;
				DEVELOPMENT_TEAM = 54HHDMD6T8;
				INFOPLIST_FILE = OrthanServerAdmin/Info.plist;
				LD_RUNPATH_SEARCH_PATHS = (
					"$(inherited)",
					"@executable_path/../Frameworks",
				);
				PRODUCT_BUNDLE_IDENTIFIER = innovaorto.com.OrthanServerAdmin;
				PRODUCT_NAME = "$(TARGET_NAME)";
				SWIFT_VERSION = 4.2;
			};
			name = Debug;
		};
		84FB3B5422380B8D0096900C /* Release */ = {
			isa = XCBuildConfiguration;
			buildSettings = {
				ASSETCATALOG_COMPILER_APPICON_NAME = AppIcon;
				CODE_SIGN_ENTITLEMENTS = OrthanServerAdmin/OrthanServerAdmin.entitlements;
				CODE_SIGN_STYLE = Automatic;
				COMBINE_HIDPI_IMAGES = YES;
				DEVELOPMENT_TEAM = 54HHDMD6T8;
				INFOPLIST_FILE = OrthanServerAdmin/Info.plist;
				LD_RUNPATH_SEARCH_PATHS = (
					"$(inherited)",
					"@executable_path/../Frameworks",
				);
				PRODUCT_BUNDLE_IDENTIFIER = innovaorto.com.OrthanServerAdmin;
				PRODUCT_NAME = "$(TARGET_NAME)";
				SWIFT_VERSION = 4.2;
			};
			name = Release;
		};
/* End XCBuildConfiguration section */

/* Begin XCConfigurationList section */
		84FB3B3D22380B8C0096900C /* Build configuration list for PBXProject "OrthancServerAdmin" */ = {
			isa = XCConfigurationList;
			buildConfigurations = (
				84FB3B5022380B8D0096900C /* Debug */,
				84FB3B5122380B8D0096900C /* Release */,
			);
			defaultConfigurationIsVisible = 0;
			defaultConfigurationName = Release;
		};
		84FB3B5222380B8D0096900C /* Build configuration list for PBXNativeTarget "OrthancServerAdmin" */ = {
			isa = XCConfigurationList;
			buildConfigurations = (
				84FB3B5322380B8D0096900C /* Debug */,
				84FB3B5422380B8D0096900C /* Release */,
			);
			defaultConfigurationIsVisible = 0;
			defaultConfigurationName = Release;
		};
/* End XCConfigurationList section */
	};
	rootObject = 84FB3B3A22380B8C0096900C /* Project object */;
}
